{
  "originHash" : "0fc0e9a7cfc01c2522ea98535fb59d49934f6ec2113102eb864a7b9bbecaef8d",
  "pins" : [
    {
      "identity" : "alamofire",
      "kind" : "remoteSourceControl",
      "location" : "https://github.com/Alamofire/Alamofire.git",
      "state" : {
        "revision" : "f455c2975872ccd2d9c81594c658af65716e9b9a",
        "version" : "5.9.1"
      }
    },
    {
      "identity" : "mpnetworkpackage",
      "kind" : "remoteSourceControl",
      "location" : "https://github.com/Noshaid/MPNetworkPackage",
      "state" : {
        "branch" : "main",
        "revision" : "3e078bcc11c53d69aed2820509b63c8e6aa882dd"
      }
    },
    {
      "identity" : "sdwebimage",
      "kind" : "remoteSourceControl",
      "location" : "https://github.com/SDWebImage/SDWebImage.git",
      "state" : {
        "revision" : "8a1be70a625683bc04d6903e2935bf23f3c6d609",
        "version" : "5.19.7"
      }
    },
    {
      "identity" : "swiftyjson",
      "kind" : "remoteSourceControl",
      "location" : "https://github.com/SwiftyJSON/SwiftyJSON",
      "state" : {
        "revision" : "af76cf3ef710b6ca5f8c05f3a31307d44a3c5828",
        "version" : "5.0.2"
      }
    }
  ],
  "version" : 3
}
